
Microsoft Visual Studio Solution File, Format Version 12.00
# Visual Studio Version 17
VisualStudioVersion = 17.9.34728.123
MinimumVisualStudioVersion = 10.0.40219.1
Project("{9A19103F-16F7-4668-BE54-9A1E7A4F7556}") = "Server", "Server\Server.csproj", "{4306BD96-3810-4A2E-B5DF-8EF0CE271029}"
EndProject
Project("{9A19103F-16F7-4668-BE54-9A1E7A4F7556}") = "Client", "Client\Client.csproj", "{A6A75346-B235-4CFB-9CD8-142B88EF3254}"
EndProject
Project("{9A19103F-16F7-4668-BE54-9A1E7A4F7556}") = "ConsoleApp", "ConsoleApp\ConsoleApp.csproj", "{793BDD89-F759-44DD-BEC6-5B04628EE48A}"
EndProject
Project("{FAE04EC0-301F-11D3-BF4B-00C04F79EFBC}") = "DataTypes", "DataTypes\DataTypes.csproj", "{FBE68960-7A60-48E0-8143-19A8170D0E01}"
EndProject
Global
	GlobalSection(SolutionConfigurationPlatforms) = preSolution
		Debug|Any CPU = Debug|Any CPU
		Release|Any CPU = Release|Any CPU
	EndGlobalSection
	GlobalSection(ProjectConfigurationPlatforms) = postSolution
		{4306BD96-3810-4A2E-B5DF-8EF0CE271029}.Debug|Any CPU.ActiveCfg = Debug|Any CPU
		{4306BD96-3810-4A2E-B5DF-8EF0CE271029}.Debug|Any CPU.Build.0 = Debug|Any CPU
		{4306BD96-3810-4A2E-B5DF-8EF0CE271029}.Release|Any CPU.ActiveCfg = Release|Any CPU
		{4306BD96-3810-4A2E-B5DF-8EF0CE271029}.Release|Any CPU.Build.0 = Release|Any CPU
		{A6A75346-B235-4CFB-9CD8-142B88EF3254}.Debug|Any CPU.ActiveCfg = Debug|Any CPU
		{A6A75346-B235-4CFB-9CD8-142B88EF3254}.Debug|Any CPU.Build.0 = Debug|Any CPU
		{A6A75346-B235-4CFB-9CD8-142B88EF3254}.Release|Any CPU.ActiveCfg = Release|Any CPU
		{A6A75346-B235-4CFB-9CD8-142B88EF3254}.Release|Any CPU.Build.0 = Release|Any CPU
		{793BDD89-F759-44DD-BEC6-5B04628EE48A}.Debug|Any CPU.ActiveCfg = Debug|Any CPU
		{793BDD89-F759-44DD-BEC6-5B04628EE48A}.Debug|Any CPU.Build.0 = Debug|Any CPU
		{793BDD89-F759-44DD-BEC6-5B04628EE48A}.Release|Any CPU.ActiveCfg = Release|Any CPU
		{793BDD89-F759-44DD-BEC6-5B04628EE48A}.Release|Any CPU.Build.0 = Release|Any CPU
		{FBE68960-7A60-48E0-8143-19A8170D0E01}.Debug|Any CPU.ActiveCfg = Debug|Any CPU
		{FBE68960-7A60-48E0-8143-19A8170D0E01}.Debug|Any CPU.Build.0 = Debug|Any CPU
		{FBE68960-7A60-48E0-8143-19A8170D0E01}.Release|Any CPU.ActiveCfg = Release|Any CPU
		{FBE68960-7A60-48E0-8143-19A8170D0E01}.Release|Any CPU.Build.0 = Release|Any CPU
	EndGlobalSection
	GlobalSection(SolutionProperties) = preSolution
		HideSolutionNode = FALSE
	EndGlobalSection
	GlobalSection(ExtensibilityGlobals) = postSolution
		SolutionGuid = {2CE026D8-3891-43A4-A9D0-58A460210A88}
	EndGlobalSection
EndGlobal
